
Microsoft Visual Studio Solution File, Format Version 12.00
# Visual Studio Version 17
VisualStudioVersion = 17.7.34024.191
MinimumVisualStudioVersion = 10.0.40219.1
Project("{FAE04EC0-301F-11D3-BF4B-00C04F79EFBC}") = "BMSR11092023RegistroAcademicoProfe", "BMSR11092023RegistroAcademicoProfe\BMSR11092023RegistroAcademicoProfe.csproj", "{52CC3CC7-491A-470D-A21D-323402179746}"
EndProject
Global
	GlobalSection(SolutionConfigurationPlatforms) = preSolution
		Debug|Any CPU = Debug|Any CPU
		Release|Any CPU = Release|Any CPU
	EndGlobalSection
	GlobalSection(ProjectConfigurationPlatforms) = postSolution
		{52CC3CC7-491A-470D-A21D-323402179746}.Debug|Any CPU.ActiveCfg = Debug|Any CPU
		{52CC3CC7-491A-470D-A21D-323402179746}.Debug|Any CPU.Build.0 = Debug|Any CPU
		{52CC3CC7-491A-470D-A21D-323402179746}.Release|Any CPU.ActiveCfg = Release|Any CPU
		{52CC3CC7-491A-470D-A21D-323402179746}.Release|Any CPU.Build.0 = Release|Any CPU
	EndGlobalSection
	GlobalSection(SolutionProperties) = preSolution
		HideSolutionNode = FALSE
	EndGlobalSection
	GlobalSection(ExtensibilityGlobals) = postSolution
		SolutionGuid = {444EE9B9-B7AB-498C-8F1E-6369110B1982}
	EndGlobalSection
EndGlobal
